
Microsoft Visual Studio Solution File, Format Version 12.00
# Visual Studio Version 17
VisualStudioVersion = 17.10.35122.118
MinimumVisualStudioVersion = 10.0.40219.1
Project("{FAE04EC0-301F-11D3-BF4B-00C04F79EFBC}") = "Desafio Lista de Funcionários", "Desafio Lista de Funcionários.csproj", "{A5319821-A67B-4015-89B7-7354EDA69D80}"
EndProject
Global
	GlobalSection(SolutionConfigurationPlatforms) = preSolution
		Debug|Any CPU = Debug|Any CPU
		Release|Any CPU = Release|Any CPU
	EndGlobalSection
	GlobalSection(ProjectConfigurationPlatforms) = postSolution
		{A5319821-A67B-4015-89B7-7354EDA69D80}.Debug|Any CPU.ActiveCfg = Debug|Any CPU
		{A5319821-A67B-4015-89B7-7354EDA69D80}.Debug|Any CPU.Build.0 = Debug|Any CPU
		{A5319821-A67B-4015-89B7-7354EDA69D80}.Release|Any CPU.ActiveCfg = Release|Any CPU
		{A5319821-A67B-4015-89B7-7354EDA69D80}.Release|Any CPU.Build.0 = Release|Any CPU
	EndGlobalSection
	GlobalSection(SolutionProperties) = preSolution
		HideSolutionNode = FALSE
	EndGlobalSection
	GlobalSection(ExtensibilityGlobals) = postSolution
		SolutionGuid = {7856222D-7A1C-45BA-8E10-E7B737DA67D5}
	EndGlobalSection
EndGlobal
